// !$*UTF8*$!
{
	archiveVersion = 1;
	classes = {
	};
	objectVersion = 55;
	objects = {

/* Begin PBXBuildFile section */
		314D88232896914A0037696E /* PostCell.swift in Sources */ = {isa = PBXBuildFile; fileRef = 314D88222896914A0037696E /* PostCell.swift */; };
		314D882728969B700037696E /* PostCellItem.swift in Sources */ = {isa = PBXBuildFile; fileRef = 314D882628969B6F0037696E /* PostCellItem.swift */; };
		314D882928969E6D0037696E /* MainTapeDataSource.swift in Sources */ = {isa = PBXBuildFile; fileRef = 314D882828969E6D0037696E /* MainTapeDataSource.swift */; };
		314D882B28969E950037696E /* CollectionDataSource.swift in Sources */ = {isa = PBXBuildFile; fileRef = 314D882A28969E950037696E /* CollectionDataSource.swift */; };
		318E674E289B039B00EBA6BD /* MainTapePresenter.swift in Sources */ = {isa = PBXBuildFile; fileRef = 318E674D289B039B00EBA6BD /* MainTapePresenter.swift */; };
		31BE5CB5289AC139005D7392 /* DataSource.swift in Sources */ = {isa = PBXBuildFile; fileRef = 31BE5CB4289AC139005D7392 /* DataSource.swift */; };
		31BE5CB7289AF665005D7392 /* UICollectionReusableView+Extensions.swift in Sources */ = {isa = PBXBuildFile; fileRef = 31BE5CB6289AF665005D7392 /* UICollectionReusableView+Extensions.swift */; };
		31BE5CBA289AF905005D7392 /* MainTapeInteractor.swift in Sources */ = {isa = PBXBuildFile; fileRef = 31BE5CB9289AF905005D7392 /* MainTapeInteractor.swift */; };
		31BE5CBC289AFA36005D7392 /* MainTapeAssembly.swift in Sources */ = {isa = PBXBuildFile; fileRef = 31BE5CBB289AFA36005D7392 /* MainTapeAssembly.swift */; };
		31BE5CBE289AFB79005D7392 /* MainTapeService.swift in Sources */ = {isa = PBXBuildFile; fileRef = 31BE5CBD289AFB79005D7392 /* MainTapeService.swift */; };
		31BE5CC0289AFD12005D7392 /* Post.swift in Sources */ = {isa = PBXBuildFile; fileRef = 31BE5CBF289AFD12005D7392 /* Post.swift */; };
		77216EC2E075E391DFDAFB2C /* Pods_SmallBuisness.framework in Frameworks */ = {isa = PBXBuildFile; fileRef = 05B4DC076255EB0C2258612E /* Pods_SmallBuisness.framework */; };
		EA91F170287DDD7A00C11BC3 /* AppDelegate.swift in Sources */ = {isa = PBXBuildFile; fileRef = EA91F16F287DDD7A00C11BC3 /* AppDelegate.swift */; };
		EA91F172287DDD7A00C11BC3 /* SceneDelegate.swift in Sources */ = {isa = PBXBuildFile; fileRef = EA91F171287DDD7A00C11BC3 /* SceneDelegate.swift */; };
		EA91F179287DDD7C00C11BC3 /* Assets.xcassets in Resources */ = {isa = PBXBuildFile; fileRef = EA91F178287DDD7C00C11BC3 /* Assets.xcassets */; };
		EA91F17C287DDD7C00C11BC3 /* LaunchScreen.storyboard in Resources */ = {isa = PBXBuildFile; fileRef = EA91F17A287DDD7C00C11BC3 /* LaunchScreen.storyboard */; };
		EA91F187287DDD7D00C11BC3 /* SmallBuisnessTests.swift in Sources */ = {isa = PBXBuildFile; fileRef = EA91F186287DDD7D00C11BC3 /* SmallBuisnessTests.swift */; };
		EA91F191287DDD7D00C11BC3 /* SmallBuisnessUITests.swift in Sources */ = {isa = PBXBuildFile; fileRef = EA91F190287DDD7D00C11BC3 /* SmallBuisnessUITests.swift */; };
		EA91F193287DDD7D00C11BC3 /* SmallBuisnessUITestsLaunchTests.swift in Sources */ = {isa = PBXBuildFile; fileRef = EA91F192287DDD7D00C11BC3 /* SmallBuisnessUITestsLaunchTests.swift */; };
		EA91F1A4287DE05D00C11BC3 /* Loading.storyboard in Resources */ = {isa = PBXBuildFile; fileRef = EA91F1A1287DE05D00C11BC3 /* Loading.storyboard */; };
		EA91F1A5287DE05D00C11BC3 /* LoadingViewController.swift in Sources */ = {isa = PBXBuildFile; fileRef = EA91F1A3287DE05D00C11BC3 /* LoadingViewController.swift */; };
		EA91F1AE287DE0D900C11BC3 /* UIConstants.swift in Sources */ = {isa = PBXBuildFile; fileRef = EA91F1AA287DE0D800C11BC3 /* UIConstants.swift */; };
		EA91F1AF287DE0D900C11BC3 /* Images.swift in Sources */ = {isa = PBXBuildFile; fileRef = EA91F1AB287DE0D900C11BC3 /* Images.swift */; };
		EA91F1B0287DE0D900C11BC3 /* Strings.swift in Sources */ = {isa = PBXBuildFile; fileRef = EA91F1AC287DE0D900C11BC3 /* Strings.swift */; };
		EA91F1B1287DE0D900C11BC3 /* AccountProvider.swift in Sources */ = {isa = PBXBuildFile; fileRef = EA91F1AD287DE0D900C11BC3 /* AccountProvider.swift */; };
		EA91F1C4287DE0ED00C11BC3 /* BaseLoadingVeiw.swift in Sources */ = {isa = PBXBuildFile; fileRef = EA91F1B3287DE0EC00C11BC3 /* BaseLoadingVeiw.swift */; };
		EA91F1C5287DE0ED00C11BC3 /* SuccessFailView.swift in Sources */ = {isa = PBXBuildFile; fileRef = EA91F1B4287DE0EC00C11BC3 /* SuccessFailView.swift */; };
		EA91F1C6287DE0ED00C11BC3 /* BaseLabel.swift in Sources */ = {isa = PBXBuildFile; fileRef = EA91F1B5287DE0EC00C11BC3 /* BaseLabel.swift */; };
		EA91F1C7287DE0ED00C11BC3 /* CommonNavigationController.swift in Sources */ = {isa = PBXBuildFile; fileRef = EA91F1B6287DE0EC00C11BC3 /* CommonNavigationController.swift */; };
		EA91F1C8287DE0ED00C11BC3 /* BaseTextField.swift in Sources */ = {isa = PBXBuildFile; fileRef = EA91F1B7287DE0EC00C11BC3 /* BaseTextField.swift */; };
		EA91F1C9287DE0ED00C11BC3 /* BaseView.swift in Sources */ = {isa = PBXBuildFile; fileRef = EA91F1B8287DE0EC00C11BC3 /* BaseView.swift */; };
		EA91F1CA287DE0ED00C11BC3 /* BaseButton.swift in Sources */ = {isa = PBXBuildFile; fileRef = EA91F1B9287DE0EC00C11BC3 /* BaseButton.swift */; };
		EA91F1CB287DE0ED00C11BC3 /* AuthViewController.swift in Sources */ = {isa = PBXBuildFile; fileRef = EA91F1BB287DE0EC00C11BC3 /* AuthViewController.swift */; };
		EA91F1CC287DE0ED00C11BC3 /* AuthCredensial.swift in Sources */ = {isa = PBXBuildFile; fileRef = EA91F1BC287DE0EC00C11BC3 /* AuthCredensial.swift */; };
		EA91F1CD287DE0ED00C11BC3 /* AuthAssembly.swift in Sources */ = {isa = PBXBuildFile; fileRef = EA91F1BD287DE0EC00C11BC3 /* AuthAssembly.swift */; };
		EA91F1CE287DE0ED00C11BC3 /* AuthPresenter.swift in Sources */ = {isa = PBXBuildFile; fileRef = EA91F1BE287DE0EC00C11BC3 /* AuthPresenter.swift */; };
		EA91F1CF287DE0ED00C11BC3 /* AuthService.swift in Sources */ = {isa = PBXBuildFile; fileRef = EA91F1BF287DE0EC00C11BC3 /* AuthService.swift */; };
		EA91F1D0287DE0ED00C11BC3 /* MainScreenRouter.swift in Sources */ = {isa = PBXBuildFile; fileRef = EA91F1C1287DE0EC00C11BC3 /* MainScreenRouter.swift */; };
		EA91F1D1287DE0ED00C11BC3 /* MainScreenViewController.swift in Sources */ = {isa = PBXBuildFile; fileRef = EA91F1C2287DE0EC00C11BC3 /* MainScreenViewController.swift */; };
		EA91F1D2287DE0ED00C11BC3 /* Router.swift in Sources */ = {isa = PBXBuildFile; fileRef = EA91F1C3287DE0ED00C11BC3 /* Router.swift */; };
		EA91F1D9287DE52200C11BC3 /* UIApplication+Extensions.swift in Sources */ = {isa = PBXBuildFile; fileRef = EA91F1D8287DE52200C11BC3 /* UIApplication+Extensions.swift */; };
		EA91F1DB287DE7C500C11BC3 /* UIImage+Extensions.swift in Sources */ = {isa = PBXBuildFile; fileRef = EA91F1DA287DE7C500C11BC3 /* UIImage+Extensions.swift */; };
		EA91F1DF287DF39200C11BC3 /* MainTapeViewController.swift in Sources */ = {isa = PBXBuildFile; fileRef = EA91F1DE287DF39200C11BC3 /* MainTapeViewController.swift */; };
/* End PBXBuildFile section */

/* Begin PBXContainerItemProxy section */
		EA91F183287DDD7D00C11BC3 /* PBXContainerItemProxy */ = {
			isa = PBXContainerItemProxy;
			containerPortal = EA91F164287DDD7A00C11BC3 /* Project object */;
			proxyType = 1;
			remoteGlobalIDString = EA91F16B287DDD7A00C11BC3;
			remoteInfo = SmallBuisness;
		};
		EA91F18D287DDD7D00C11BC3 /* PBXContainerItemProxy */ = {
			isa = PBXContainerItemProxy;
			containerPortal = EA91F164287DDD7A00C11BC3 /* Project object */;
			proxyType = 1;
			remoteGlobalIDString = EA91F16B287DDD7A00C11BC3;
			remoteInfo = SmallBuisness;
		};
/* End PBXContainerItemProxy section */

/* Begin PBXFileReference section */
		05B4DC076255EB0C2258612E /* Pods_SmallBuisness.framework */ = {isa = PBXFileReference; explicitFileType = wrapper.framework; includeInIndex = 0; path = Pods_SmallBuisness.framework; sourceTree = BUILT_PRODUCTS_DIR; };
		314D88222896914A0037696E /* PostCell.swift */ = {isa = PBXFileReference; lastKnownFileType = sourcecode.swift; path = PostCell.swift; sourceTree = "<group>"; };
		314D882628969B6F0037696E /* PostCellItem.swift */ = {isa = PBXFileReference; lastKnownFileType = sourcecode.swift; path = PostCellItem.swift; sourceTree = "<group>"; };
		314D882828969E6D0037696E /* MainTapeDataSource.swift */ = {isa = PBXFileReference; lastKnownFileType = sourcecode.swift; path = MainTapeDataSource.swift; sourceTree = "<group>"; };
		314D882A28969E950037696E /* CollectionDataSource.swift */ = {isa = PBXFileReference; lastKnownFileType = sourcecode.swift; path = CollectionDataSource.swift; sourceTree = "<group>"; };
		318E674D289B039B00EBA6BD /* MainTapePresenter.swift */ = {isa = PBXFileReference; lastKnownFileType = sourcecode.swift; path = MainTapePresenter.swift; sourceTree = "<group>"; };
		31BE5CB4289AC139005D7392 /* DataSource.swift */ = {isa = PBXFileReference; lastKnownFileType = sourcecode.swift; path = DataSource.swift; sourceTree = "<group>"; };
		31BE5CB6289AF665005D7392 /* UICollectionReusableView+Extensions.swift */ = {isa = PBXFileReference; lastKnownFileType = sourcecode.swift; path = "UICollectionReusableView+Extensions.swift"; sourceTree = "<group>"; };
		31BE5CB9289AF905005D7392 /* MainTapeInteractor.swift */ = {isa = PBXFileReference; lastKnownFileType = sourcecode.swift; path = MainTapeInteractor.swift; sourceTree = "<group>"; };
		31BE5CBB289AFA36005D7392 /* MainTapeAssembly.swift */ = {isa = PBXFileReference; lastKnownFileType = sourcecode.swift; path = MainTapeAssembly.swift; sourceTree = "<group>"; };
		31BE5CBD289AFB79005D7392 /* MainTapeService.swift */ = {isa = PBXFileReference; lastKnownFileType = sourcecode.swift; path = MainTapeService.swift; sourceTree = "<group>"; };
		31BE5CBF289AFD12005D7392 /* Post.swift */ = {isa = PBXFileReference; lastKnownFileType = sourcecode.swift; path = Post.swift; sourceTree = "<group>"; };
		66D38076A6BE35CC9B34FAF1 /* Pods-SmallBuisness.release.xcconfig */ = {isa = PBXFileReference; includeInIndex = 1; lastKnownFileType = text.xcconfig; name = "Pods-SmallBuisness.release.xcconfig"; path = "Target Support Files/Pods-SmallBuisness/Pods-SmallBuisness.release.xcconfig"; sourceTree = "<group>"; };
		EA91F16C287DDD7A00C11BC3 /* SmallBuisness.app */ = {isa = PBXFileReference; explicitFileType = wrapper.application; includeInIndex = 0; path = SmallBuisness.app; sourceTree = BUILT_PRODUCTS_DIR; };
		EA91F16F287DDD7A00C11BC3 /* AppDelegate.swift */ = {isa = PBXFileReference; lastKnownFileType = sourcecode.swift; path = AppDelegate.swift; sourceTree = "<group>"; };
		EA91F171287DDD7A00C11BC3 /* SceneDelegate.swift */ = {isa = PBXFileReference; lastKnownFileType = sourcecode.swift; path = SceneDelegate.swift; sourceTree = "<group>"; };
		EA91F178287DDD7C00C11BC3 /* Assets.xcassets */ = {isa = PBXFileReference; lastKnownFileType = folder.assetcatalog; path = Assets.xcassets; sourceTree = "<group>"; };
		EA91F17B287DDD7C00C11BC3 /* Base */ = {isa = PBXFileReference; lastKnownFileType = file.storyboard; name = Base; path = Base.lproj/LaunchScreen.storyboard; sourceTree = "<group>"; };
		EA91F17D287DDD7C00C11BC3 /* Info.plist */ = {isa = PBXFileReference; lastKnownFileType = text.plist.xml; path = Info.plist; sourceTree = "<group>"; };
		EA91F182287DDD7D00C11BC3 /* SmallBuisnessTests.xctest */ = {isa = PBXFileReference; explicitFileType = wrapper.cfbundle; includeInIndex = 0; path = SmallBuisnessTests.xctest; sourceTree = BUILT_PRODUCTS_DIR; };
		EA91F186287DDD7D00C11BC3 /* SmallBuisnessTests.swift */ = {isa = PBXFileReference; lastKnownFileType = sourcecode.swift; path = SmallBuisnessTests.swift; sourceTree = "<group>"; };
		EA91F18C287DDD7D00C11BC3 /* SmallBuisnessUITests.xctest */ = {isa = PBXFileReference; explicitFileType = wrapper.cfbundle; includeInIndex = 0; path = SmallBuisnessUITests.xctest; sourceTree = BUILT_PRODUCTS_DIR; };
		EA91F190287DDD7D00C11BC3 /* SmallBuisnessUITests.swift */ = {isa = PBXFileReference; lastKnownFileType = sourcecode.swift; path = SmallBuisnessUITests.swift; sourceTree = "<group>"; };
		EA91F192287DDD7D00C11BC3 /* SmallBuisnessUITestsLaunchTests.swift */ = {isa = PBXFileReference; lastKnownFileType = sourcecode.swift; path = SmallBuisnessUITestsLaunchTests.swift; sourceTree = "<group>"; };
		EA91F1A2287DE05D00C11BC3 /* Base */ = {isa = PBXFileReference; lastKnownFileType = file.storyboard; name = Base; path = Base.lproj/Loading.storyboard; sourceTree = "<group>"; };
		EA91F1A3287DE05D00C11BC3 /* LoadingViewController.swift */ = {isa = PBXFileReference; fileEncoding = 4; lastKnownFileType = sourcecode.swift; path = LoadingViewController.swift; sourceTree = "<group>"; };
		EA91F1AA287DE0D800C11BC3 /* UIConstants.swift */ = {isa = PBXFileReference; fileEncoding = 4; lastKnownFileType = sourcecode.swift; path = UIConstants.swift; sourceTree = "<group>"; };
		EA91F1AB287DE0D900C11BC3 /* Images.swift */ = {isa = PBXFileReference; fileEncoding = 4; lastKnownFileType = sourcecode.swift; path = Images.swift; sourceTree = "<group>"; };
		EA91F1AC287DE0D900C11BC3 /* Strings.swift */ = {isa = PBXFileReference; fileEncoding = 4; lastKnownFileType = sourcecode.swift; path = Strings.swift; sourceTree = "<group>"; };
		EA91F1AD287DE0D900C11BC3 /* AccountProvider.swift */ = {isa = PBXFileReference; fileEncoding = 4; lastKnownFileType = sourcecode.swift; path = AccountProvider.swift; sourceTree = "<group>"; };
		EA91F1B3287DE0EC00C11BC3 /* BaseLoadingVeiw.swift */ = {isa = PBXFileReference; fileEncoding = 4; lastKnownFileType = sourcecode.swift; path = BaseLoadingVeiw.swift; sourceTree = "<group>"; };
		EA91F1B4287DE0EC00C11BC3 /* SuccessFailView.swift */ = {isa = PBXFileReference; fileEncoding = 4; lastKnownFileType = sourcecode.swift; path = SuccessFailView.swift; sourceTree = "<group>"; };
		EA91F1B5287DE0EC00C11BC3 /* BaseLabel.swift */ = {isa = PBXFileReference; fileEncoding = 4; lastKnownFileType = sourcecode.swift; path = BaseLabel.swift; sourceTree = "<group>"; };
		EA91F1B6287DE0EC00C11BC3 /* CommonNavigationController.swift */ = {isa = PBXFileReference; fileEncoding = 4; lastKnownFileType = sourcecode.swift; path = CommonNavigationController.swift; sourceTree = "<group>"; };
		EA91F1B7287DE0EC00C11BC3 /* BaseTextField.swift */ = {isa = PBXFileReference; fileEncoding = 4; lastKnownFileType = sourcecode.swift; path = BaseTextField.swift; sourceTree = "<group>"; };
		EA91F1B8287DE0EC00C11BC3 /* BaseView.swift */ = {isa = PBXFileReference; fileEncoding = 4; lastKnownFileType = sourcecode.swift; path = BaseView.swift; sourceTree = "<group>"; };
		EA91F1B9287DE0EC00C11BC3 /* BaseButton.swift */ = {isa = PBXFileReference; fileEncoding = 4; lastKnownFileType = sourcecode.swift; path = BaseButton.swift; sourceTree = "<group>"; };
		EA91F1BB287DE0EC00C11BC3 /* AuthViewController.swift */ = {isa = PBXFileReference; fileEncoding = 4; lastKnownFileType = sourcecode.swift; path = AuthViewController.swift; sourceTree = "<group>"; };
		EA91F1BC287DE0EC00C11BC3 /* AuthCredensial.swift */ = {isa = PBXFileReference; fileEncoding = 4; lastKnownFileType = sourcecode.swift; path = AuthCredensial.swift; sourceTree = "<group>"; };
		EA91F1BD287DE0EC00C11BC3 /* AuthAssembly.swift */ = {isa = PBXFileReference; fileEncoding = 4; lastKnownFileType = sourcecode.swift; path = AuthAssembly.swift; sourceTree = "<group>"; };
		EA91F1BE287DE0EC00C11BC3 /* AuthPresenter.swift */ = {isa = PBXFileReference; fileEncoding = 4; lastKnownFileType = sourcecode.swift; path = AuthPresenter.swift; sourceTree = "<group>"; };
		EA91F1BF287DE0EC00C11BC3 /* AuthService.swift */ = {isa = PBXFileReference; fileEncoding = 4; lastKnownFileType = sourcecode.swift; path = AuthService.swift; sourceTree = "<group>"; };
		EA91F1C1287DE0EC00C11BC3 /* MainScreenRouter.swift */ = {isa = PBXFileReference; fileEncoding = 4; lastKnownFileType = sourcecode.swift; path = MainScreenRouter.swift; sourceTree = "<group>"; };
		EA91F1C2287DE0EC00C11BC3 /* MainScreenViewController.swift */ = {isa = PBXFileReference; fileEncoding = 4; lastKnownFileType = sourcecode.swift; path = MainScreenViewController.swift; sourceTree = "<group>"; };
		EA91F1C3287DE0ED00C11BC3 /* Router.swift */ = {isa = PBXFileReference; fileEncoding = 4; lastKnownFileType = sourcecode.swift; path = Router.swift; sourceTree = "<group>"; };
		EA91F1D8287DE52200C11BC3 /* UIApplication+Extensions.swift */ = {isa = PBXFileReference; lastKnownFileType = sourcecode.swift; path = "UIApplication+Extensions.swift"; sourceTree = "<group>"; };
		EA91F1DA287DE7C500C11BC3 /* UIImage+Extensions.swift */ = {isa = PBXFileReference; lastKnownFileType = sourcecode.swift; path = "UIImage+Extensions.swift"; sourceTree = "<group>"; };
		EA91F1DE287DF39200C11BC3 /* MainTapeViewController.swift */ = {isa = PBXFileReference; lastKnownFileType = sourcecode.swift; path = MainTapeViewController.swift; sourceTree = "<group>"; };
		F26AA9849C071DDE79B1CBDD /* Pods-SmallBuisness.debug.xcconfig */ = {isa = PBXFileReference; includeInIndex = 1; lastKnownFileType = text.xcconfig; name = "Pods-SmallBuisness.debug.xcconfig"; path = "Target Support Files/Pods-SmallBuisness/Pods-SmallBuisness.debug.xcconfig"; sourceTree = "<group>"; };
/* End PBXFileReference section */

/* Begin PBXFrameworksBuildPhase section */
		EA91F169287DDD7A00C11BC3 /* Frameworks */ = {
			isa = PBXFrameworksBuildPhase;
			buildActionMask = 2147483647;
			files = (
				77216EC2E075E391DFDAFB2C /* Pods_SmallBuisness.framework in Frameworks */,
			);
			runOnlyForDeploymentPostprocessing = 0;
		};
		EA91F17F287DDD7D00C11BC3 /* Frameworks */ = {
			isa = PBXFrameworksBuildPhase;
			buildActionMask = 2147483647;
			files = (
			);
			runOnlyForDeploymentPostprocessing = 0;
		};
		EA91F189287DDD7D00C11BC3 /* Frameworks */ = {
			isa = PBXFrameworksBuildPhase;
			buildActionMask = 2147483647;
			files = (
			);
			runOnlyForDeploymentPostprocessing = 0;
		};
/* End PBXFrameworksBuildPhase section */

/* Begin PBXGroup section */
		314D882C2896A47D0037696E /* Common */ = {
			isa = PBXGroup;
			children = (
				31BE5CB4289AC139005D7392 /* DataSource.swift */,
				31BE5CBF289AFD12005D7392 /* Post.swift */,
			);
			path = Common;
			sourceTree = "<group>";
		};
		31BE5CB8289AF8F4005D7392 /* DataSource */ = {
			isa = PBXGroup;
			children = (
				314D882828969E6D0037696E /* MainTapeDataSource.swift */,
				314D88222896914A0037696E /* PostCell.swift */,
				314D882628969B6F0037696E /* PostCellItem.swift */,
			);
			path = DataSource;
			sourceTree = "<group>";
		};
		603F61C22D43ED3F05B1CB5C /* Pods */ = {
			isa = PBXGroup;
			children = (
				F26AA9849C071DDE79B1CBDD /* Pods-SmallBuisness.debug.xcconfig */,
				66D38076A6BE35CC9B34FAF1 /* Pods-SmallBuisness.release.xcconfig */,
			);
			path = Pods;
			sourceTree = "<group>";
		};
		EA91F163287DDD7A00C11BC3 = {
			isa = PBXGroup;
			children = (
				EA91F16E287DDD7A00C11BC3 /* SmallBuisness */,
				EA91F185287DDD7D00C11BC3 /* SmallBuisnessTests */,
				EA91F18F287DDD7D00C11BC3 /* SmallBuisnessUITests */,
				EA91F16D287DDD7A00C11BC3 /* Products */,
				603F61C22D43ED3F05B1CB5C /* Pods */,
				F0C25B25CCA43ADFC714AF82 /* Frameworks */,
			);
			sourceTree = "<group>";
		};
		EA91F16D287DDD7A00C11BC3 /* Products */ = {
			isa = PBXGroup;
			children = (
				EA91F16C287DDD7A00C11BC3 /* SmallBuisness.app */,
				EA91F182287DDD7D00C11BC3 /* SmallBuisnessTests.xctest */,
				EA91F18C287DDD7D00C11BC3 /* SmallBuisnessUITests.xctest */,
			);
			name = Products;
			sourceTree = "<group>";
		};
		EA91F16E287DDD7A00C11BC3 /* SmallBuisness */ = {
			isa = PBXGroup;
			children = (
				314D882C2896A47D0037696E /* Common */,
				EA91F1A9287DE0BC00C11BC3 /* Network */,
				EA91F1A8287DE0B200C11BC3 /* DataBase */,
				EA91F1A7287DE0A500C11BC3 /* Helpers */,
				EA91F1A6287DE09100C11BC3 /* Presentation */,
				EA91F19F287DE03C00C11BC3 /* Base */,
				EA91F178287DDD7C00C11BC3 /* Assets.xcassets */,
				EA91F17D287DDD7C00C11BC3 /* Info.plist */,
			);
			path = SmallBuisness;
			sourceTree = "<group>";
		};
		EA91F185287DDD7D00C11BC3 /* SmallBuisnessTests */ = {
			isa = PBXGroup;
			children = (
				EA91F186287DDD7D00C11BC3 /* SmallBuisnessTests.swift */,
			);
			path = SmallBuisnessTests;
			sourceTree = "<group>";
		};
		EA91F18F287DDD7D00C11BC3 /* SmallBuisnessUITests */ = {
			isa = PBXGroup;
			children = (
				EA91F190287DDD7D00C11BC3 /* SmallBuisnessUITests.swift */,
				EA91F192287DDD7D00C11BC3 /* SmallBuisnessUITestsLaunchTests.swift */,
			);
			path = SmallBuisnessUITests;
			sourceTree = "<group>";
		};
		EA91F19F287DE03C00C11BC3 /* Base */ = {
			isa = PBXGroup;
			children = (
				EA91F16F287DDD7A00C11BC3 /* AppDelegate.swift */,
				EA91F171287DDD7A00C11BC3 /* SceneDelegate.swift */,
				EA91F17A287DDD7C00C11BC3 /* LaunchScreen.storyboard */,
				EA91F1A0287DE05D00C11BC3 /* Loading */,
			);
			path = Base;
			sourceTree = "<group>";
		};
		EA91F1A0287DE05D00C11BC3 /* Loading */ = {
			isa = PBXGroup;
			children = (
				EA91F1A1287DE05D00C11BC3 /* Loading.storyboard */,
				EA91F1A3287DE05D00C11BC3 /* LoadingViewController.swift */,
			);
			path = Loading;
			sourceTree = "<group>";
		};
		EA91F1A6287DE09100C11BC3 /* Presentation */ = {
			isa = PBXGroup;
			children = (
				EA91F1DD287DF37A00C11BC3 /* TapeScreen */,
				EA91F1BA287DE0EC00C11BC3 /* Auth */,
				EA91F1B2287DE0EC00C11BC3 /* BaseViews */,
				EA91F1C0287DE0EC00C11BC3 /* Main */,
				EA91F1C3287DE0ED00C11BC3 /* Router.swift */,
			);
			path = Presentation;
			sourceTree = "<group>";
		};
		EA91F1A7287DE0A500C11BC3 /* Helpers */ = {
			isa = PBXGroup;
			children = (
				314D882A28969E950037696E /* CollectionDataSource.swift */,
				EA91F1AD287DE0D900C11BC3 /* AccountProvider.swift */,
				EA91F1AB287DE0D900C11BC3 /* Images.swift */,
				EA91F1AC287DE0D900C11BC3 /* Strings.swift */,
				EA91F1AA287DE0D800C11BC3 /* UIConstants.swift */,
				EA91F1DC287DE81400C11BC3 /* Extensions */,
			);
			path = Helpers;
			sourceTree = "<group>";
		};
		EA91F1A8287DE0B200C11BC3 /* DataBase */ = {
			isa = PBXGroup;
			children = (
			);
			path = DataBase;
			sourceTree = "<group>";
		};
		EA91F1A9287DE0BC00C11BC3 /* Network */ = {
			isa = PBXGroup;
			children = (
			);
			path = Network;
			sourceTree = "<group>";
		};
		EA91F1B2287DE0EC00C11BC3 /* BaseViews */ = {
			isa = PBXGroup;
			children = (
				EA91F1B3287DE0EC00C11BC3 /* BaseLoadingVeiw.swift */,
				EA91F1B4287DE0EC00C11BC3 /* SuccessFailView.swift */,
				EA91F1B5287DE0EC00C11BC3 /* BaseLabel.swift */,
				EA91F1B6287DE0EC00C11BC3 /* CommonNavigationController.swift */,
				EA91F1B7287DE0EC00C11BC3 /* BaseTextField.swift */,
				EA91F1B8287DE0EC00C11BC3 /* BaseView.swift */,
				EA91F1B9287DE0EC00C11BC3 /* BaseButton.swift */,
			);
			path = BaseViews;
			sourceTree = "<group>";
		};
		EA91F1BA287DE0EC00C11BC3 /* Auth */ = {
			isa = PBXGroup;
			children = (
				EA91F1BB287DE0EC00C11BC3 /* AuthViewController.swift */,
				EA91F1BC287DE0EC00C11BC3 /* AuthCredensial.swift */,
				EA91F1BD287DE0EC00C11BC3 /* AuthAssembly.swift */,
				EA91F1BE287DE0EC00C11BC3 /* AuthPresenter.swift */,
				EA91F1BF287DE0EC00C11BC3 /* AuthService.swift */,
			);
			path = Auth;
			sourceTree = "<group>";
		};
		EA91F1C0287DE0EC00C11BC3 /* Main */ = {
			isa = PBXGroup;
			children = (
				EA91F1C1287DE0EC00C11BC3 /* MainScreenRouter.swift */,
				EA91F1C2287DE0EC00C11BC3 /* MainScreenViewController.swift */,
			);
			path = Main;
			sourceTree = "<group>";
		};
		EA91F1DC287DE81400C11BC3 /* Extensions */ = {
			isa = PBXGroup;
			children = (
				EA91F1D8287DE52200C11BC3 /* UIApplication+Extensions.swift */,
				EA91F1DA287DE7C500C11BC3 /* UIImage+Extensions.swift */,
				31BE5CB6289AF665005D7392 /* UICollectionReusableView+Extensions.swift */,
			);
			path = Extensions;
			sourceTree = "<group>";
		};
		EA91F1DD287DF37A00C11BC3 /* TapeScreen */ = {
			isa = PBXGroup;
			children = (
				EA91F1DE287DF39200C11BC3 /* MainTapeViewController.swift */,
				31BE5CB9289AF905005D7392 /* MainTapeInteractor.swift */,
				318E674D289B039B00EBA6BD /* MainTapePresenter.swift */,
				31BE5CBD289AFB79005D7392 /* MainTapeService.swift */,
				31BE5CBB289AFA36005D7392 /* MainTapeAssembly.swift */,
				31BE5CB8289AF8F4005D7392 /* DataSource */,
			);
			path = TapeScreen;
			sourceTree = "<group>";
		};
		F0C25B25CCA43ADFC714AF82 /* Frameworks */ = {
			isa = PBXGroup;
			children = (
				05B4DC076255EB0C2258612E /* Pods_SmallBuisness.framework */,
			);
			name = Frameworks;
			sourceTree = "<group>";
		};
/* End PBXGroup section */

/* Begin PBXNativeTarget section */
		EA91F16B287DDD7A00C11BC3 /* SmallBuisness */ = {
			isa = PBXNativeTarget;
			buildConfigurationList = EA91F196287DDD7D00C11BC3 /* Build configuration list for PBXNativeTarget "SmallBuisness" */;
			buildPhases = (
				F2DDD15E5D7A8235ED6AFA12 /* [CP] Check Pods Manifest.lock */,
				EA91F168287DDD7A00C11BC3 /* Sources */,
				EA91F169287DDD7A00C11BC3 /* Frameworks */,
				EA91F16A287DDD7A00C11BC3 /* Resources */,
				04C1D5BF666E1D61D9492F37 /* [CP] Embed Pods Frameworks */,
			);
			buildRules = (
			);
			dependencies = (
			);
			name = SmallBuisness;
			productName = SmallBuisness;
			productReference = EA91F16C287DDD7A00C11BC3 /* SmallBuisness.app */;
			productType = "com.apple.product-type.application";
		};
		EA91F181287DDD7D00C11BC3 /* SmallBuisnessTests */ = {
			isa = PBXNativeTarget;
			buildConfigurationList = EA91F199287DDD7D00C11BC3 /* Build configuration list for PBXNativeTarget "SmallBuisnessTests" */;
			buildPhases = (
				EA91F17E287DDD7D00C11BC3 /* Sources */,
				EA91F17F287DDD7D00C11BC3 /* Frameworks */,
				EA91F180287DDD7D00C11BC3 /* Resources */,
			);
			buildRules = (
			);
			dependencies = (
				EA91F184287DDD7D00C11BC3 /* PBXTargetDependency */,
			);
			name = SmallBuisnessTests;
			productName = SmallBuisnessTests;
			productReference = EA91F182287DDD7D00C11BC3 /* SmallBuisnessTests.xctest */;
			productType = "com.apple.product-type.bundle.unit-test";
		};
		EA91F18B287DDD7D00C11BC3 /* SmallBuisnessUITests */ = {
			isa = PBXNativeTarget;
			buildConfigurationList = EA91F19C287DDD7D00C11BC3 /* Build configuration list for PBXNativeTarget "SmallBuisnessUITests" */;
			buildPhases = (
				EA91F188287DDD7D00C11BC3 /* Sources */,
				EA91F189287DDD7D00C11BC3 /* Frameworks */,
				EA91F18A287DDD7D00C11BC3 /* Resources */,
			);
			buildRules = (
			);
			dependencies = (
				EA91F18E287DDD7D00C11BC3 /* PBXTargetDependency */,
			);
			name = SmallBuisnessUITests;
			productName = SmallBuisnessUITests;
			productReference = EA91F18C287DDD7D00C11BC3 /* SmallBuisnessUITests.xctest */;
			productType = "com.apple.product-type.bundle.ui-testing";
		};
/* End PBXNativeTarget section */

/* Begin PBXProject section */
		EA91F164287DDD7A00C11BC3 /* Project object */ = {
			isa = PBXProject;
			attributes = {
				BuildIndependentTargetsInParallel = 1;
				LastSwiftUpdateCheck = 1340;
				LastUpgradeCheck = 1340;
				TargetAttributes = {
					EA91F16B287DDD7A00C11BC3 = {
						CreatedOnToolsVersion = 13.4;
					};
					EA91F181287DDD7D00C11BC3 = {
						CreatedOnToolsVersion = 13.4;
						TestTargetID = EA91F16B287DDD7A00C11BC3;
					};
					EA91F18B287DDD7D00C11BC3 = {
						CreatedOnToolsVersion = 13.4;
						TestTargetID = EA91F16B287DDD7A00C11BC3;
					};
				};
			};
			buildConfigurationList = EA91F167287DDD7A00C11BC3 /* Build configuration list for PBXProject "SmallBuisness" */;
			compatibilityVersion = "Xcode 13.0";
			developmentRegion = en;
			hasScannedForEncodings = 0;
			knownRegions = (
				en,
				Base,
			);
			mainGroup = EA91F163287DDD7A00C11BC3;
			productRefGroup = EA91F16D287DDD7A00C11BC3 /* Products */;
			projectDirPath = "";
			projectRoot = "";
			targets = (
				EA91F16B287DDD7A00C11BC3 /* SmallBuisness */,
				EA91F181287DDD7D00C11BC3 /* SmallBuisnessTests */,
				EA91F18B287DDD7D00C11BC3 /* SmallBuisnessUITests */,
			);
		};
/* End PBXProject section */

/* Begin PBXResourcesBuildPhase section */
		EA91F16A287DDD7A00C11BC3 /* Resources */ = {
			isa = PBXResourcesBuildPhase;
			buildActionMask = 2147483647;
			files = (
				EA91F17C287DDD7C00C11BC3 /* LaunchScreen.storyboard in Resources */,
				EA91F179287DDD7C00C11BC3 /* Assets.xcassets in Resources */,
				EA91F1A4287DE05D00C11BC3 /* Loading.storyboard in Resources */,
			);
			runOnlyForDeploymentPostprocessing = 0;
		};
		EA91F180287DDD7D00C11BC3 /* Resources */ = {
			isa = PBXResourcesBuildPhase;
			buildActionMask = 2147483647;
			files = (
			);
			runOnlyForDeploymentPostprocessing = 0;
		};
		EA91F18A287DDD7D00C11BC3 /* Resources */ = {
			isa = PBXResourcesBuildPhase;
			buildActionMask = 2147483647;
			files = (
			);
			runOnlyForDeploymentPostprocessing = 0;
		};
/* End PBXResourcesBuildPhase section */

/* Begin PBXShellScriptBuildPhase section */
		04C1D5BF666E1D61D9492F37 /* [CP] Embed Pods Frameworks */ = {
			isa = PBXShellScriptBuildPhase;
			buildActionMask = 2147483647;
			files = (
			);
			inputFileListPaths = (
				"${PODS_ROOT}/Target Support Files/Pods-SmallBuisness/Pods-SmallBuisness-frameworks-${CONFIGURATION}-input-files.xcfilelist",
			);
			name = "[CP] Embed Pods Frameworks";
			outputFileListPaths = (
				"${PODS_ROOT}/Target Support Files/Pods-SmallBuisness/Pods-SmallBuisness-frameworks-${CONFIGURATION}-output-files.xcfilelist",
			);
			runOnlyForDeploymentPostprocessing = 0;
			shellPath = /bin/sh;
			shellScript = "\"${PODS_ROOT}/Target Support Files/Pods-SmallBuisness/Pods-SmallBuisness-frameworks.sh\"\n";
			showEnvVarsInLog = 0;
		};
		F2DDD15E5D7A8235ED6AFA12 /* [CP] Check Pods Manifest.lock */ = {
			isa = PBXShellScriptBuildPhase;
			buildActionMask = 2147483647;
			files = (
			);
			inputFileListPaths = (
			);
			inputPaths = (
				"${PODS_PODFILE_DIR_PATH}/Podfile.lock",
				"${PODS_ROOT}/Manifest.lock",
			);
			name = "[CP] Check Pods Manifest.lock";
			outputFileListPaths = (
			);
			outputPaths = (
				"$(DERIVED_FILE_DIR)/Pods-SmallBuisness-checkManifestLockResult.txt",
			);
			runOnlyForDeploymentPostprocessing = 0;
			shellPath = /bin/sh;
			shellScript = "diff \"${PODS_PODFILE_DIR_PATH}/Podfile.lock\" \"${PODS_ROOT}/Manifest.lock\" > /dev/null\nif [ $? != 0 ] ; then\n    # print error to STDERR\n    echo \"error: The sandbox is not in sync with the Podfile.lock. Run 'pod install' or update your CocoaPods installation.\" >&2\n    exit 1\nfi\n# This output is used by Xcode 'outputs' to avoid re-running this script phase.\necho \"SUCCESS\" > \"${SCRIPT_OUTPUT_FILE_0}\"\n";
			showEnvVarsInLog = 0;
		};
/* End PBXShellScriptBuildPhase section */

/* Begin PBXSourcesBuildPhase section */
		EA91F168287DDD7A00C11BC3 /* Sources */ = {
			isa = PBXSourcesBuildPhase;
			buildActionMask = 2147483647;
			files = (
				EA91F1D0287DE0ED00C11BC3 /* MainScreenRouter.swift in Sources */,
				318E674E289B039B00EBA6BD /* MainTapePresenter.swift in Sources */,
				31BE5CBC289AFA36005D7392 /* MainTapeAssembly.swift in Sources */,
				31BE5CBE289AFB79005D7392 /* MainTapeService.swift in Sources */,
				EA91F1DF287DF39200C11BC3 /* MainTapeViewController.swift in Sources */,
				EA91F1B1287DE0D900C11BC3 /* AccountProvider.swift in Sources */,
				EA91F1CE287DE0ED00C11BC3 /* AuthPresenter.swift in Sources */,
				EA91F1CA287DE0ED00C11BC3 /* BaseButton.swift in Sources */,
				EA91F1CD287DE0ED00C11BC3 /* AuthAssembly.swift in Sources */,
				31BE5CB5289AC139005D7392 /* DataSource.swift in Sources */,
				EA91F1CC287DE0ED00C11BC3 /* AuthCredensial.swift in Sources */,
				EA91F1AF287DE0D900C11BC3 /* Images.swift in Sources */,
				EA91F1CF287DE0ED00C11BC3 /* AuthService.swift in Sources */,
				EA91F1CB287DE0ED00C11BC3 /* AuthViewController.swift in Sources */,
				EA91F1C4287DE0ED00C11BC3 /* BaseLoadingVeiw.swift in Sources */,
				314D882728969B700037696E /* PostCellItem.swift in Sources */,
				EA91F1C8287DE0ED00C11BC3 /* BaseTextField.swift in Sources */,
				EA91F1C5287DE0ED00C11BC3 /* SuccessFailView.swift in Sources */,
				EA91F170287DDD7A00C11BC3 /* AppDelegate.swift in Sources */,
				EA91F1AE287DE0D900C11BC3 /* UIConstants.swift in Sources */,
				31BE5CC0289AFD12005D7392 /* Post.swift in Sources */,
				314D88232896914A0037696E /* PostCell.swift in Sources */,
				EA91F172287DDD7A00C11BC3 /* SceneDelegate.swift in Sources */,
				EA91F1DB287DE7C500C11BC3 /* UIImage+Extensions.swift in Sources */,
				EA91F1D2287DE0ED00C11BC3 /* Router.swift in Sources */,
				EA91F1C7287DE0ED00C11BC3 /* CommonNavigationController.swift in Sources */,
				31BE5CB7289AF665005D7392 /* UICollectionReusableView+Extensions.swift in Sources */,
				EA91F1D9287DE52200C11BC3 /* UIApplication+Extensions.swift in Sources */,
				EA91F1C6287DE0ED00C11BC3 /* BaseLabel.swift in Sources */,
				EA91F1C9287DE0ED00C11BC3 /* BaseView.swift in Sources */,
				EA91F1D1287DE0ED00C11BC3 /* MainScreenViewController.swift in Sources */,
				314D882B28969E950037696E /* CollectionDataSource.swift in Sources */,
				314D882928969E6D0037696E /* MainTapeDataSource.swift in Sources */,
				31BE5CBA289AF905005D7392 /* MainTapeInteractor.swift in Sources */,
				EA91F1A5287DE05D00C11BC3 /* LoadingViewController.swift in Sources */,
				EA91F1B0287DE0D900C11BC3 /* Strings.swift in Sources */,
			);
			runOnlyForDeploymentPostprocessing = 0;
		};
		EA91F17E287DDD7D00C11BC3 /* Sources */ = {
			isa = PBXSourcesBuildPhase;
			buildActionMask = 2147483647;
			files = (
				EA91F187287DDD7D00C11BC3 /* SmallBuisnessTests.swift in Sources */,
			);
			runOnlyForDeploymentPostprocessing = 0;
		};
		EA91F188287DDD7D00C11BC3 /* Sources */ = {
			isa = PBXSourcesBuildPhase;
			buildActionMask = 2147483647;
			files = (
				EA91F193287DDD7D00C11BC3 /* SmallBuisnessUITestsLaunchTests.swift in Sources */,
				EA91F191287DDD7D00C11BC3 /* SmallBuisnessUITests.swift in Sources */,
			);
			runOnlyForDeploymentPostprocessing = 0;
		};
/* End PBXSourcesBuildPhase section */

/* Begin PBXTargetDependency section */
		EA91F184287DDD7D00C11BC3 /* PBXTargetDependency */ = {
			isa = PBXTargetDependency;
			target = EA91F16B287DDD7A00C11BC3 /* SmallBuisness */;
			targetProxy = EA91F183287DDD7D00C11BC3 /* PBXContainerItemProxy */;
		};
		EA91F18E287DDD7D00C11BC3 /* PBXTargetDependency */ = {
			isa = PBXTargetDependency;
			target = EA91F16B287DDD7A00C11BC3 /* SmallBuisness */;
			targetProxy = EA91F18D287DDD7D00C11BC3 /* PBXContainerItemProxy */;
		};
/* End PBXTargetDependency section */

/* Begin PBXVariantGroup section */
		EA91F17A287DDD7C00C11BC3 /* LaunchScreen.storyboard */ = {
			isa = PBXVariantGroup;
			children = (
				EA91F17B287DDD7C00C11BC3 /* Base */,
			);
			name = LaunchScreen.storyboard;
			sourceTree = "<group>";
		};
		EA91F1A1287DE05D00C11BC3 /* Loading.storyboard */ = {
			isa = PBXVariantGroup;
			children = (
				EA91F1A2287DE05D00C11BC3 /* Base */,
			);
			name = Loading.storyboard;
			sourceTree = "<group>";
		};
/* End PBXVariantGroup section */

/* Begin XCBuildConfiguration section */
		EA91F194287DDD7D00C11BC3 /* Debug */ = {
			isa = XCBuildConfiguration;
			buildSettings = {
				ALWAYS_SEARCH_USER_PATHS = NO;
				CLANG_ANALYZER_NONNULL = YES;
				CLANG_ANALYZER_NUMBER_OBJECT_CONVERSION = YES_AGGRESSIVE;
				CLANG_CXX_LANGUAGE_STANDARD = "gnu++17";
				CLANG_ENABLE_MODULES = YES;
				CLANG_ENABLE_OBJC_ARC = YES;
				CLANG_ENABLE_OBJC_WEAK = YES;
				CLANG_WARN_BLOCK_CAPTURE_AUTORELEASING = YES;
				CLANG_WARN_BOOL_CONVERSION = YES;
				CLANG_WARN_COMMA = YES;
				CLANG_WARN_CONSTANT_CONVERSION = YES;
				CLANG_WARN_DEPRECATED_OBJC_IMPLEMENTATIONS = YES;
				CLANG_WARN_DIRECT_OBJC_ISA_USAGE = YES_ERROR;
				CLANG_WARN_DOCUMENTATION_COMMENTS = YES;
				CLANG_WARN_EMPTY_BODY = YES;
				CLANG_WARN_ENUM_CONVERSION = YES;
				CLANG_WARN_INFINITE_RECURSION = YES;
				CLANG_WARN_INT_CONVERSION = YES;
				CLANG_WARN_NON_LITERAL_NULL_CONVERSION = YES;
				CLANG_WARN_OBJC_IMPLICIT_RETAIN_SELF = YES;
				CLANG_WARN_OBJC_LITERAL_CONVERSION = YES;
				CLANG_WARN_OBJC_ROOT_CLASS = YES_ERROR;
				CLANG_WARN_QUOTED_INCLUDE_IN_FRAMEWORK_HEADER = YES;
				CLANG_WARN_RANGE_LOOP_ANALYSIS = YES;
				CLANG_WARN_STRICT_PROTOTYPES = YES;
				CLANG_WARN_SUSPICIOUS_MOVE = YES;
				CLANG_WARN_UNGUARDED_AVAILABILITY = YES_AGGRESSIVE;
				CLANG_WARN_UNREACHABLE_CODE = YES;
				CLANG_WARN__DUPLICATE_METHOD_MATCH = YES;
				COPY_PHASE_STRIP = NO;
				DEBUG_INFORMATION_FORMAT = dwarf;
				ENABLE_STRICT_OBJC_MSGSEND = YES;
				ENABLE_TESTABILITY = YES;
				GCC_C_LANGUAGE_STANDARD = gnu11;
				GCC_DYNAMIC_NO_PIC = NO;
				GCC_NO_COMMON_BLOCKS = YES;
				GCC_OPTIMIZATION_LEVEL = 0;
				GCC_PREPROCESSOR_DEFINITIONS = (
					"DEBUG=1",
					"$(inherited)",
				);
				GCC_WARN_64_TO_32_BIT_CONVERSION = YES;
				GCC_WARN_ABOUT_RETURN_TYPE = YES_ERROR;
				GCC_WARN_UNDECLARED_SELECTOR = YES;
				GCC_WARN_UNINITIALIZED_AUTOS = YES_AGGRESSIVE;
				GCC_WARN_UNUSED_FUNCTION = YES;
				GCC_WARN_UNUSED_VARIABLE = YES;
				IPHONEOS_DEPLOYMENT_TARGET = 15.5;
				MTL_ENABLE_DEBUG_INFO = INCLUDE_SOURCE;
				MTL_FAST_MATH = YES;
				ONLY_ACTIVE_ARCH = YES;
				SDKROOT = iphoneos;
				SWIFT_ACTIVE_COMPILATION_CONDITIONS = DEBUG;
				SWIFT_OPTIMIZATION_LEVEL = "-Onone";
			};
			name = Debug;
		};
		EA91F195287DDD7D00C11BC3 /* Release */ = {
			isa = XCBuildConfiguration;
			buildSettings = {
				ALWAYS_SEARCH_USER_PATHS = NO;
				CLANG_ANALYZER_NONNULL = YES;
				CLANG_ANALYZER_NUMBER_OBJECT_CONVERSION = YES_AGGRESSIVE;
				CLANG_CXX_LANGUAGE_STANDARD = "gnu++17";
				CLANG_ENABLE_MODULES = YES;
				CLANG_ENABLE_OBJC_ARC = YES;
				CLANG_ENABLE_OBJC_WEAK = YES;
				CLANG_WARN_BLOCK_CAPTURE_AUTORELEASING = YES;
				CLANG_WARN_BOOL_CONVERSION = YES;
				CLANG_WARN_COMMA = YES;
				CLANG_WARN_CONSTANT_CONVERSION = YES;
				CLANG_WARN_DEPRECATED_OBJC_IMPLEMENTATIONS = YES;
				CLANG_WARN_DIRECT_OBJC_ISA_USAGE = YES_ERROR;
				CLANG_WARN_DOCUMENTATION_COMMENTS = YES;
				CLANG_WARN_EMPTY_BODY = YES;
				CLANG_WARN_ENUM_CONVERSION = YES;
				CLANG_WARN_INFINITE_RECURSION = YES;
				CLANG_WARN_INT_CONVERSION = YES;
				CLANG_WARN_NON_LITERAL_NULL_CONVERSION = YES;
				CLANG_WARN_OBJC_IMPLICIT_RETAIN_SELF = YES;
				CLANG_WARN_OBJC_LITERAL_CONVERSION = YES;
				CLANG_WARN_OBJC_ROOT_CLASS = YES_ERROR;
				CLANG_WARN_QUOTED_INCLUDE_IN_FRAMEWORK_HEADER = YES;
				CLANG_WARN_RANGE_LOOP_ANALYSIS = YES;
				CLANG_WARN_STRICT_PROTOTYPES = YES;
				CLANG_WARN_SUSPICIOUS_MOVE = YES;
				CLANG_WARN_UNGUARDED_AVAILABILITY = YES_AGGRESSIVE;
				CLANG_WARN_UNREACHABLE_CODE = YES;
				CLANG_WARN__DUPLICATE_METHOD_MATCH = YES;
				COPY_PHASE_STRIP = NO;
				DEBUG_INFORMATION_FORMAT = "dwarf-with-dsym";
				ENABLE_NS_ASSERTIONS = NO;
				ENABLE_STRICT_OBJC_MSGSEND = YES;
				GCC_C_LANGUAGE_STANDARD = gnu11;
				GCC_NO_COMMON_BLOCKS = YES;
				GCC_WARN_64_TO_32_BIT_CONVERSION = YES;
				GCC_WARN_ABOUT_RETURN_TYPE = YES_ERROR;
				GCC_WARN_UNDECLARED_SELECTOR = YES;
				GCC_WARN_UNINITIALIZED_AUTOS = YES_AGGRESSIVE;
				GCC_WARN_UNUSED_FUNCTION = YES;
				GCC_WARN_UNUSED_VARIABLE = YES;
				IPHONEOS_DEPLOYMENT_TARGET = 15.5;
				MTL_ENABLE_DEBUG_INFO = NO;
				MTL_FAST_MATH = YES;
				SDKROOT = iphoneos;
				SWIFT_COMPILATION_MODE = wholemodule;
				SWIFT_OPTIMIZATION_LEVEL = "-O";
				VALIDATE_PRODUCT = YES;
			};
			name = Release;
		};
		EA91F197287DDD7D00C11BC3 /* Debug */ = {
			isa = XCBuildConfiguration;
			baseConfigurationReference = F26AA9849C071DDE79B1CBDD /* Pods-SmallBuisness.debug.xcconfig */;
			buildSettings = {
				ASSETCATALOG_COMPILER_APPICON_NAME = AppIcon;
				ASSETCATALOG_COMPILER_GLOBAL_ACCENT_COLOR_NAME = AccentColor;
				CODE_SIGN_STYLE = Automatic;
				CURRENT_PROJECT_VERSION = 1;
				DEVELOPMENT_TEAM = 9Z347TUD92;
				GENERATE_INFOPLIST_FILE = YES;
				INFOPLIST_FILE = SmallBuisness/Info.plist;
				INFOPLIST_KEY_UIApplicationSupportsIndirectInputEvents = YES;
				INFOPLIST_KEY_UILaunchStoryboardName = LaunchScreen;
				INFOPLIST_KEY_UIMainStoryboardFile = Loading;
				INFOPLIST_KEY_UISupportedInterfaceOrientations = UIInterfaceOrientationPortrait;
				INFOPLIST_KEY_UISupportedInterfaceOrientations_iPad = "UIInterfaceOrientationPortrait UIInterfaceOrientationPortraitUpsideDown UIInterfaceOrientationLandscapeLeft UIInterfaceOrientationLandscapeRight";
				INFOPLIST_KEY_UISupportedInterfaceOrientations_iPhone = "UIInterfaceOrientationPortrait UIInterfaceOrientationLandscapeLeft UIInterfaceOrientationLandscapeRight";
				IPHONEOS_DEPLOYMENT_TARGET = 13.0;
				LD_RUNPATH_SEARCH_PATHS = (
					"$(inherited)",
					"@executable_path/Frameworks",
				);
				MARKETING_VERSION = 1.0;
				PRODUCT_BUNDLE_IDENTIFIER = leplasak.SmallBuisness1;
				PRODUCT_NAME = "$(TARGET_NAME)";
				SWIFT_EMIT_LOC_STRINGS = YES;
				SWIFT_VERSION = 5.0;
				TARGETED_DEVICE_FAMILY = 1;
			};
			name = Debug;
		};
		EA91F198287DDD7D00C11BC3 /* Release */ = {
			isa = XCBuildConfiguration;
			baseConfigurationReference = 66D38076A6BE35CC9B34FAF1 /* Pods-SmallBuisness.release.xcconfig */;
			buildSettings = {
				ASSETCATALOG_COMPILER_APPICON_NAME = AppIcon;
				ASSETCATALOG_COMPILER_GLOBAL_ACCENT_COLOR_NAME = AccentColor;
				CODE_SIGN_STYLE = Automatic;
				CURRENT_PROJECT_VERSION = 1;
				DEVELOPMENT_TEAM = 9Z347TUD92;
				GENERATE_INFOPLIST_FILE = YES;
				INFOPLIST_FILE = SmallBuisness/Info.plist;
				INFOPLIST_KEY_UIApplicationSupportsIndirectInputEvents = YES;
				INFOPLIST_KEY_UILaunchStoryboardName = LaunchScreen;
				INFOPLIST_KEY_UIMainStoryboardFile = Loading;
				INFOPLIST_KEY_UISupportedInterfaceOrientations = UIInterfaceOrientationPortrait;
				INFOPLIST_KEY_UISupportedInterfaceOrientations_iPad = "UIInterfaceOrientationPortrait UIInterfaceOrientationPortraitUpsideDown UIInterfaceOrientationLandscapeLeft UIInterfaceOrientationLandscapeRight";
				INFOPLIST_KEY_UISupportedInterfaceOrientations_iPhone = "UIInterfaceOrientationPortrait UIInterfaceOrientationLandscapeLeft UIInterfaceOrientationLandscapeRight";
				IPHONEOS_DEPLOYMENT_TARGET = 13.0;
				LD_RUNPATH_SEARCH_PATHS = (
					"$(inherited)",
					"@executable_path/Frameworks",
				);
				MARKETING_VERSION = 1.0;
				PRODUCT_BUNDLE_IDENTIFIER = leplasak.SmallBuisness1;
				PRODUCT_NAME = "$(TARGET_NAME)";
				SWIFT_EMIT_LOC_STRINGS = YES;
				SWIFT_VERSION = 5.0;
				TARGETED_DEVICE_FAMILY = 1;
			};
			name = Release;
		};
		EA91F19A287DDD7D00C11BC3 /* Debug */ = {
			isa = XCBuildConfiguration;
			buildSettings = {
				ALWAYS_EMBED_SWIFT_STANDARD_LIBRARIES = YES;
				BUNDLE_LOADER = "$(TEST_HOST)";
				CODE_SIGN_STYLE = Automatic;
				CURRENT_PROJECT_VERSION = 1;
				DEVELOPMENT_TEAM = 9Z347TUD92;
				GENERATE_INFOPLIST_FILE = YES;
				IPHONEOS_DEPLOYMENT_TARGET = 15.5;
				MARKETING_VERSION = 1.0;
				PRODUCT_BUNDLE_IDENTIFIER = leplasak.SmallBuisnessTests;
				PRODUCT_NAME = "$(TARGET_NAME)";
				SWIFT_EMIT_LOC_STRINGS = NO;
				SWIFT_VERSION = 5.0;
				TARGETED_DEVICE_FAMILY = "1,2";
				TEST_HOST = "$(BUILT_PRODUCTS_DIR)/SmallBuisness.app/SmallBuisness";
			};
			name = Debug;
		};
		EA91F19B287DDD7D00C11BC3 /* Release */ = {
			isa = XCBuildConfiguration;
			buildSettings = {
				ALWAYS_EMBED_SWIFT_STANDARD_LIBRARIES = YES;
				BUNDLE_LOADER = "$(TEST_HOST)";
				CODE_SIGN_STYLE = Automatic;
				CURRENT_PROJECT_VERSION = 1;
				DEVELOPMENT_TEAM = 9Z347TUD92;
				GENERATE_INFOPLIST_FILE = YES;
				IPHONEOS_DEPLOYMENT_TARGET = 15.5;
				MARKETING_VERSION = 1.0;
				PRODUCT_BUNDLE_IDENTIFIER = leplasak.SmallBuisnessTests;
				PRODUCT_NAME = "$(TARGET_NAME)";
				SWIFT_EMIT_LOC_STRINGS = NO;
				SWIFT_VERSION = 5.0;
				TARGETED_DEVICE_FAMILY = "1,2";
				TEST_HOST = "$(BUILT_PRODUCTS_DIR)/SmallBuisness.app/SmallBuisness";
			};
			name = Release;
		};
		EA91F19D287DDD7D00C11BC3 /* Debug */ = {
			isa = XCBuildConfiguration;
			buildSettings = {
				ALWAYS_EMBED_SWIFT_STANDARD_LIBRARIES = YES;
				CODE_SIGN_STYLE = Automatic;
				CURRENT_PROJECT_VERSION = 1;
				DEVELOPMENT_TEAM = 9Z347TUD92;
				GENERATE_INFOPLIST_FILE = YES;
				MARKETING_VERSION = 1.0;
				PRODUCT_BUNDLE_IDENTIFIER = leplasak.SmallBuisnessUITests;
				PRODUCT_NAME = "$(TARGET_NAME)";
				SWIFT_EMIT_LOC_STRINGS = NO;
				SWIFT_VERSION = 5.0;
				TARGETED_DEVICE_FAMILY = "1,2";
				TEST_TARGET_NAME = SmallBuisness;
			};
			name = Debug;
		};
		EA91F19E287DDD7D00C11BC3 /* Release */ = {
			isa = XCBuildConfiguration;
			buildSettings = {
				ALWAYS_EMBED_SWIFT_STANDARD_LIBRARIES = YES;
				CODE_SIGN_STYLE = Automatic;
				CURRENT_PROJECT_VERSION = 1;
				DEVELOPMENT_TEAM = 9Z347TUD92;
				GENERATE_INFOPLIST_FILE = YES;
				MARKETING_VERSION = 1.0;
				PRODUCT_BUNDLE_IDENTIFIER = leplasak.SmallBuisnessUITests;
				PRODUCT_NAME = "$(TARGET_NAME)";
				SWIFT_EMIT_LOC_STRINGS = NO;
				SWIFT_VERSION = 5.0;
				TARGETED_DEVICE_FAMILY = "1,2";
				TEST_TARGET_NAME = SmallBuisness;
			};
			name = Release;
		};
/* End XCBuildConfiguration section */

/* Begin XCConfigurationList section */
		EA91F167287DDD7A00C11BC3 /* Build configuration list for PBXProject "SmallBuisness" */ = {
			isa = XCConfigurationList;
			buildConfigurations = (
				EA91F194287DDD7D00C11BC3 /* Debug */,
				EA91F195287DDD7D00C11BC3 /* Release */,
			);
			defaultConfigurationIsVisible = 0;
			defaultConfigurationName = Release;
		};
		EA91F196287DDD7D00C11BC3 /* Build configuration list for PBXNativeTarget "SmallBuisness" */ = {
			isa = XCConfigurationList;
			buildConfigurations = (
				EA91F197287DDD7D00C11BC3 /* Debug */,
				EA91F198287DDD7D00C11BC3 /* Release */,
			);
			defaultConfigurationIsVisible = 0;
			defaultConfigurationName = Release;
		};
		EA91F199287DDD7D00C11BC3 /* Build configuration list for PBXNativeTarget "SmallBuisnessTests" */ = {
			isa = XCConfigurationList;
			buildConfigurations = (
				EA91F19A287DDD7D00C11BC3 /* Debug */,
				EA91F19B287DDD7D00C11BC3 /* Release */,
			);
			defaultConfigurationIsVisible = 0;
			defaultConfigurationName = Release;
		};
		EA91F19C287DDD7D00C11BC3 /* Build configuration list for PBXNativeTarget "SmallBuisnessUITests" */ = {
			isa = XCConfigurationList;
			buildConfigurations = (
				EA91F19D287DDD7D00C11BC3 /* Debug */,
				EA91F19E287DDD7D00C11BC3 /* Release */,
			);
			defaultConfigurationIsVisible = 0;
			defaultConfigurationName = Release;
		};
/* End XCConfigurationList section */
	};
	rootObject = EA91F164287DDD7A00C11BC3 /* Project object */;
}
